
Microsoft Visual Studio Solution File, Format Version 12.00
# Visual Studio Version 17
VisualStudioVersion = 17.13.35931.197 d17.13
MinimumVisualStudioVersion = 10.0.40219.1
Project("{FAE04EC0-301F-11D3-BF4B-00C04F79EFBC}") = "EasySave_V1_1", "EasySave_V1_1.csproj", "{8A6D12B1-34CA-4408-9CA8-2E040CA52E5B}"
EndProject
Global
	GlobalSection(SolutionConfigurationPlatforms) = preSolution
		Debug|Any CPU = Debug|Any CPU
		Release|Any CPU = Release|Any CPU
	EndGlobalSection
	GlobalSection(ProjectConfigurationPlatforms) = postSolution
		{8A6D12B1-34CA-4408-9CA8-2E040CA52E5B}.Debug|Any CPU.ActiveCfg = Debug|Any CPU
		{8A6D12B1-34CA-4408-9CA8-2E040CA52E5B}.Debug|Any CPU.Build.0 = Debug|Any CPU
		{8A6D12B1-34CA-4408-9CA8-2E040CA52E5B}.Release|Any CPU.ActiveCfg = Release|Any CPU
		{8A6D12B1-34CA-4408-9CA8-2E040CA52E5B}.Release|Any CPU.Build.0 = Release|Any CPU
	EndGlobalSection
	GlobalSection(SolutionProperties) = preSolution
		HideSolutionNode = FALSE
	EndGlobalSection
	GlobalSection(ExtensibilityGlobals) = postSolution
		SolutionGuid = {E0464C21-9325-4DFD-B36C-34B954223437}
	EndGlobalSection
EndGlobal
